
Microsoft Visual Studio Solution File, Format Version 11.00
# Visual Studio 2010
Project("{8BC9CEB8-8B4A-11D0-8D11-00A0C91BC942}") = "文件读入1", "文件读入1\文件读入1.vcxproj", "{9C41C596-4411-4137-A875-0D152A0F0402}"
EndProject
Global
	GlobalSection(SolutionConfigurationPlatforms) = preSolution
		Debug|Win32 = Debug|Win32
		Release|Win32 = Release|Win32
	EndGlobalSection
	GlobalSection(ProjectConfigurationPlatforms) = postSolution
		{9C41C596-4411-4137-A875-0D152A0F0402}.Debug|Win32.ActiveCfg = Debug|Win32
		{9C41C596-4411-4137-A875-0D152A0F0402}.Debug|Win32.Build.0 = Debug|Win32
		{9C41C596-4411-4137-A875-0D152A0F0402}.Release|Win32.ActiveCfg = Release|Win32
		{9C41C596-4411-4137-A875-0D152A0F0402}.Release|Win32.Build.0 = Release|Win32
	EndGlobalSection
	GlobalSection(SolutionProperties) = preSolution
		HideSolutionNode = FALSE
	EndGlobalSection
EndGlobal
