
Microsoft Visual Studio Solution File, Format Version 11.00
# Visual Studio 2010
Project("{8BC9CEB8-8B4A-11D0-8D11-00A0C91BC942}") = "统计单词个数", "统计单词个数\统计单词个数.vcxproj", "{3843A594-514C-4BC5-8C7E-8581AB1C6C98}"
EndProject
Global
	GlobalSection(SolutionConfigurationPlatforms) = preSolution
		Debug|Win32 = Debug|Win32
		Release|Win32 = Release|Win32
	EndGlobalSection
	GlobalSection(ProjectConfigurationPlatforms) = postSolution
		{3843A594-514C-4BC5-8C7E-8581AB1C6C98}.Debug|Win32.ActiveCfg = Debug|Win32
		{3843A594-514C-4BC5-8C7E-8581AB1C6C98}.Debug|Win32.Build.0 = Debug|Win32
		{3843A594-514C-4BC5-8C7E-8581AB1C6C98}.Release|Win32.ActiveCfg = Release|Win32
		{3843A594-514C-4BC5-8C7E-8581AB1C6C98}.Release|Win32.Build.0 = Release|Win32
	EndGlobalSection
	GlobalSection(SolutionProperties) = preSolution
		HideSolutionNode = FALSE
	EndGlobalSection
EndGlobal
