
Microsoft Visual Studio Solution File, Format Version 12.00
# Visual Studio 14
VisualStudioVersion = 14.0.23107.0
MinimumVisualStudioVersion = 10.0.40219.1
Project("{8BC9CEB8-8B4A-11D0-8D11-00A0C91BC942}") = "模板（函数模板和类模板）", "模板（函数模板和类模板）\模板（函数模板和类模板）.vcxproj", "{221DA30A-3ABD-45AB-9D9E-3AE067E43D84}"
EndProject
Project("{8BC9CEB8-8B4A-11D0-8D11-00A0C91BC942}") = "模板2(类模板)", "类模板\类模板.vcxproj", "{504CC9B5-9EDE-47C0-8319-EBC4725809C0}"
EndProject
Project("{8BC9CEB8-8B4A-11D0-8D11-00A0C91BC942}") = "模板3（缺省模板参数）", "模板3\模板3.vcxproj", "{1E7EA0C0-490E-48A2-8E61-C9CD233540AE}"
EndProject
Project("{8BC9CEB8-8B4A-11D0-8D11-00A0C91BC942}") = "模板4（成员模板）", "模板4（成员模板）\模板4（成员模板）.vcxproj", "{D8E249A0-C326-48EF-9DBC-9547CFDAD6EF}"
EndProject
Project("{8BC9CEB8-8B4A-11D0-8D11-00A0C91BC942}") = "模板5（typename）", "模板5（typename）\模板5（typename）.vcxproj", "{3AB0C4EE-CB71-469C-9B62-DBA86EA6156C}"
EndProject
Project("{8BC9CEB8-8B4A-11D0-8D11-00A0C91BC942}") = "模板6（用模板实现单例模式）", "模板6（用模板实现单例模式）\模板6（用模板实现单例模式）.vcxproj", "{0F6D60A4-1894-4408-90E8-BCA148346DA0}"
EndProject
Global
	GlobalSection(SolutionConfigurationPlatforms) = preSolution
		Debug|x64 = Debug|x64
		Debug|x86 = Debug|x86
		Release|x64 = Release|x64
		Release|x86 = Release|x86
	EndGlobalSection
	GlobalSection(ProjectConfigurationPlatforms) = postSolution
		{221DA30A-3ABD-45AB-9D9E-3AE067E43D84}.Debug|x64.ActiveCfg = Debug|x64
		{221DA30A-3ABD-45AB-9D9E-3AE067E43D84}.Debug|x64.Build.0 = Debug|x64
		{221DA30A-3ABD-45AB-9D9E-3AE067E43D84}.Debug|x86.ActiveCfg = Debug|Win32
		{221DA30A-3ABD-45AB-9D9E-3AE067E43D84}.Debug|x86.Build.0 = Debug|Win32
		{221DA30A-3ABD-45AB-9D9E-3AE067E43D84}.Release|x64.ActiveCfg = Release|x64
		{221DA30A-3ABD-45AB-9D9E-3AE067E43D84}.Release|x64.Build.0 = Release|x64
		{221DA30A-3ABD-45AB-9D9E-3AE067E43D84}.Release|x86.ActiveCfg = Release|Win32
		{221DA30A-3ABD-45AB-9D9E-3AE067E43D84}.Release|x86.Build.0 = Release|Win32
		{504CC9B5-9EDE-47C0-8319-EBC4725809C0}.Debug|x64.ActiveCfg = Debug|x64
		{504CC9B5-9EDE-47C0-8319-EBC4725809C0}.Debug|x64.Build.0 = Debug|x64
		{504CC9B5-9EDE-47C0-8319-EBC4725809C0}.Debug|x86.ActiveCfg = Debug|Win32
		{504CC9B5-9EDE-47C0-8319-EBC4725809C0}.Debug|x86.Build.0 = Debug|Win32
		{504CC9B5-9EDE-47C0-8319-EBC4725809C0}.Release|x64.ActiveCfg = Release|x64
		{504CC9B5-9EDE-47C0-8319-EBC4725809C0}.Release|x64.Build.0 = Release|x64
		{504CC9B5-9EDE-47C0-8319-EBC4725809C0}.Release|x86.ActiveCfg = Release|Win32
		{504CC9B5-9EDE-47C0-8319-EBC4725809C0}.Release|x86.Build.0 = Release|Win32
		{1E7EA0C0-490E-48A2-8E61-C9CD233540AE}.Debug|x64.ActiveCfg = Debug|x64
		{1E7EA0C0-490E-48A2-8E61-C9CD233540AE}.Debug|x64.Build.0 = Debug|x64
		{1E7EA0C0-490E-48A2-8E61-C9CD233540AE}.Debug|x86.ActiveCfg = Debug|Win32
		{1E7EA0C0-490E-48A2-8E61-C9CD233540AE}.Debug|x86.Build.0 = Debug|Win32
		{1E7EA0C0-490E-48A2-8E61-C9CD233540AE}.Release|x64.ActiveCfg = Release|x64
		{1E7EA0C0-490E-48A2-8E61-C9CD233540AE}.Release|x64.Build.0 = Release|x64
		{1E7EA0C0-490E-48A2-8E61-C9CD233540AE}.Release|x86.ActiveCfg = Release|Win32
		{1E7EA0C0-490E-48A2-8E61-C9CD233540AE}.Release|x86.Build.0 = Release|Win32
		{D8E249A0-C326-48EF-9DBC-9547CFDAD6EF}.Debug|x64.ActiveCfg = Debug|x64
		{D8E249A0-C326-48EF-9DBC-9547CFDAD6EF}.Debug|x64.Build.0 = Debug|x64
		{D8E249A0-C326-48EF-9DBC-9547CFDAD6EF}.Debug|x86.ActiveCfg = Debug|Win32
		{D8E249A0-C326-48EF-9DBC-9547CFDAD6EF}.Debug|x86.Build.0 = Debug|Win32
		{D8E249A0-C326-48EF-9DBC-9547CFDAD6EF}.Release|x64.ActiveCfg = Release|x64
		{D8E249A0-C326-48EF-9DBC-9547CFDAD6EF}.Release|x64.Build.0 = Release|x64
		{D8E249A0-C326-48EF-9DBC-9547CFDAD6EF}.Release|x86.ActiveCfg = Release|Win32
		{D8E249A0-C326-48EF-9DBC-9547CFDAD6EF}.Release|x86.Build.0 = Release|Win32
		{3AB0C4EE-CB71-469C-9B62-DBA86EA6156C}.Debug|x64.ActiveCfg = Debug|x64
		{3AB0C4EE-CB71-469C-9B62-DBA86EA6156C}.Debug|x64.Build.0 = Debug|x64
		{3AB0C4EE-CB71-469C-9B62-DBA86EA6156C}.Debug|x86.ActiveCfg = Debug|Win32
		{3AB0C4EE-CB71-469C-9B62-DBA86EA6156C}.Debug|x86.Build.0 = Debug|Win32
		{3AB0C4EE-CB71-469C-9B62-DBA86EA6156C}.Release|x64.ActiveCfg = Release|x64
		{3AB0C4EE-CB71-469C-9B62-DBA86EA6156C}.Release|x64.Build.0 = Release|x64
		{3AB0C4EE-CB71-469C-9B62-DBA86EA6156C}.Release|x86.ActiveCfg = Release|Win32
		{3AB0C4EE-CB71-469C-9B62-DBA86EA6156C}.Release|x86.Build.0 = Release|Win32
		{0F6D60A4-1894-4408-90E8-BCA148346DA0}.Debug|x64.ActiveCfg = Debug|x64
		{0F6D60A4-1894-4408-90E8-BCA148346DA0}.Debug|x64.Build.0 = Debug|x64
		{0F6D60A4-1894-4408-90E8-BCA148346DA0}.Debug|x86.ActiveCfg = Debug|Win32
		{0F6D60A4-1894-4408-90E8-BCA148346DA0}.Debug|x86.Build.0 = Debug|Win32
		{0F6D60A4-1894-4408-90E8-BCA148346DA0}.Release|x64.ActiveCfg = Release|x64
		{0F6D60A4-1894-4408-90E8-BCA148346DA0}.Release|x64.Build.0 = Release|x64
		{0F6D60A4-1894-4408-90E8-BCA148346DA0}.Release|x86.ActiveCfg = Release|Win32
		{0F6D60A4-1894-4408-90E8-BCA148346DA0}.Release|x86.Build.0 = Release|Win32
	EndGlobalSection
	GlobalSection(SolutionProperties) = preSolution
		HideSolutionNode = FALSE
	EndGlobalSection
EndGlobal
