
Microsoft Visual Studio Solution File, Format Version 11.00
# Visual Studio 2010
Project("{8BC9CEB8-8B4A-11D0-8D11-00A0C91BC942}") = "c++ string", "c++ string\c++ string.vcxproj", "{D124D0F7-C91C-4AB0-8498-F7E91BEE19CD}"
EndProject
Global
	GlobalSection(SolutionConfigurationPlatforms) = preSolution
		Debug|Win32 = Debug|Win32
		Release|Win32 = Release|Win32
	EndGlobalSection
	GlobalSection(ProjectConfigurationPlatforms) = postSolution
		{D124D0F7-C91C-4AB0-8498-F7E91BEE19CD}.Debug|Win32.ActiveCfg = Debug|Win32
		{D124D0F7-C91C-4AB0-8498-F7E91BEE19CD}.Debug|Win32.Build.0 = Debug|Win32
		{D124D0F7-C91C-4AB0-8498-F7E91BEE19CD}.Release|Win32.ActiveCfg = Release|Win32
		{D124D0F7-C91C-4AB0-8498-F7E91BEE19CD}.Release|Win32.Build.0 = Release|Win32
	EndGlobalSection
	GlobalSection(SolutionProperties) = preSolution
		HideSolutionNode = FALSE
	EndGlobalSection
EndGlobal
