
Microsoft Visual Studio Solution File, Format Version 11.00
# Visual Studio 2010
Project("{8BC9CEB8-8B4A-11D0-8D11-00A0C91BC942}") = "文件读入", "文件读入\文件读入.vcxproj", "{2FFC153A-7361-43CC-8DA4-BF85039BB325}"
EndProject
Global
	GlobalSection(SolutionConfigurationPlatforms) = preSolution
		Debug|Win32 = Debug|Win32
		Release|Win32 = Release|Win32
	EndGlobalSection
	GlobalSection(ProjectConfigurationPlatforms) = postSolution
		{2FFC153A-7361-43CC-8DA4-BF85039BB325}.Debug|Win32.ActiveCfg = Debug|Win32
		{2FFC153A-7361-43CC-8DA4-BF85039BB325}.Debug|Win32.Build.0 = Debug|Win32
		{2FFC153A-7361-43CC-8DA4-BF85039BB325}.Release|Win32.ActiveCfg = Release|Win32
		{2FFC153A-7361-43CC-8DA4-BF85039BB325}.Release|Win32.Build.0 = Release|Win32
	EndGlobalSection
	GlobalSection(SolutionProperties) = preSolution
		HideSolutionNode = FALSE
	EndGlobalSection
EndGlobal
